
Microsoft Visual Studio Solution File, Format Version 12.00
# Visual Studio Version 17
VisualStudioVersion = 17.14.36623.8 d17.14
MinimumVisualStudioVersion = 10.0.40219.1
Project("{8BC9CEB8-8B4A-11D0-8D11-00A0C91BC942}") = "X-Ray_WYY", "X-Ray_WYY.vcxproj", "{498C4522-447D-E7B6-8B13-542FB7A803E6}"
EndProject
Global
	GlobalSection(SolutionConfigurationPlatforms) = preSolution
		Debug|x64 = Debug|x64
		Release|x64 = Release|x64
	EndGlobalSection
	GlobalSection(ProjectConfigurationPlatforms) = postSolution
		{498C4522-447D-E7B6-8B13-542FB7A803E6}.Debug|x64.ActiveCfg = Debug|x64
		{498C4522-447D-E7B6-8B13-542FB7A803E6}.Debug|x64.Build.0 = Debug|x64
		{498C4522-447D-E7B6-8B13-542FB7A803E6}.Release|x64.ActiveCfg = Release|x64
		{498C4522-447D-E7B6-8B13-542FB7A803E6}.Release|x64.Build.0 = Release|x64
	EndGlobalSection
	GlobalSection(SolutionProperties) = preSolution
		HideSolutionNode = FALSE
	EndGlobalSection
	GlobalSection(ExtensibilityGlobals) = postSolution
		SolutionGuid = {BD973FF7-882F-4305-B863-F6A4E945DFC2}
	EndGlobalSection
EndGlobal
